
Microsoft Visual Studio Solution File, Format Version 12.00
# Visual Studio Version 17
VisualStudioVersion = 17.8.34316.72
MinimumVisualStudioVersion = 10.0.40219.1
Project("{FAE04EC0-301F-11D3-BF4B-00C04F79EFBC}") = "tologatosdi", "tologatosdi\tologatosdi.csproj", "{0156D3A8-FA3C-44DE-A411-787843F52BA2}"
EndProject
Global
	GlobalSection(SolutionConfigurationPlatforms) = preSolution
		Debug|Any CPU = Debug|Any CPU
		Release|Any CPU = Release|Any CPU
	EndGlobalSection
	GlobalSection(ProjectConfigurationPlatforms) = postSolution
		{0156D3A8-FA3C-44DE-A411-787843F52BA2}.Debug|Any CPU.ActiveCfg = Debug|Any CPU
		{0156D3A8-FA3C-44DE-A411-787843F52BA2}.Debug|Any CPU.Build.0 = Debug|Any CPU
		{0156D3A8-FA3C-44DE-A411-787843F52BA2}.Release|Any CPU.ActiveCfg = Release|Any CPU
		{0156D3A8-FA3C-44DE-A411-787843F52BA2}.Release|Any CPU.Build.0 = Release|Any CPU
	EndGlobalSection
	GlobalSection(SolutionProperties) = preSolution
		HideSolutionNode = FALSE
	EndGlobalSection
	GlobalSection(ExtensibilityGlobals) = postSolution
		SolutionGuid = {469A9433-045F-45E3-8AD8-FAB4CA843E3E}
	EndGlobalSection
EndGlobal
